
Microsoft Visual Studio Solution File, Format Version 12.00
# Visual Studio Version 16
VisualStudioVersion = 16.0.30523.141
MinimumVisualStudioVersion = 10.0.40219.1
Project("{FAE04EC0-301F-11D3-BF4B-00C04F79EFBC}") = "Project1", "Project1\Project1.csproj", "{489C9E97-BFA4-4FC4-B184-2392217CB7DF}"
EndProject
Project("{FAE04EC0-301F-11D3-BF4B-00C04F79EFBC}") = "Test1", "Test1\Test1.csproj", "{12FDD28B-7530-459C-BEC8-B360B04A4DBB}"
EndProject
Global
	GlobalSection(SolutionConfigurationPlatforms) = preSolution
		Debug|Any CPU = Debug|Any CPU
		Release|Any CPU = Release|Any CPU
	EndGlobalSection
	GlobalSection(ProjectConfigurationPlatforms) = postSolution
		{489C9E97-BFA4-4FC4-B184-2392217CB7DF}.Debug|Any CPU.ActiveCfg = Debug|Any CPU
		{489C9E97-BFA4-4FC4-B184-2392217CB7DF}.Debug|Any CPU.Build.0 = Debug|Any CPU
		{489C9E97-BFA4-4FC4-B184-2392217CB7DF}.Release|Any CPU.ActiveCfg = Release|Any CPU
		{489C9E97-BFA4-4FC4-B184-2392217CB7DF}.Release|Any CPU.Build.0 = Release|Any CPU
		{12FDD28B-7530-459C-BEC8-B360B04A4DBB}.Debug|Any CPU.ActiveCfg = Debug|Any CPU
		{12FDD28B-7530-459C-BEC8-B360B04A4DBB}.Debug|Any CPU.Build.0 = Debug|Any CPU
		{12FDD28B-7530-459C-BEC8-B360B04A4DBB}.Release|Any CPU.ActiveCfg = Release|Any CPU
		{12FDD28B-7530-459C-BEC8-B360B04A4DBB}.Release|Any CPU.Build.0 = Release|Any CPU
	EndGlobalSection
	GlobalSection(SolutionProperties) = preSolution
		HideSolutionNode = FALSE
	EndGlobalSection
	GlobalSection(ExtensibilityGlobals) = postSolution
		SolutionGuid = {2199A792-2211-4F96-B7B3-7376F0D2B36B}
	EndGlobalSection
EndGlobal
